
Microsoft Visual Studio Solution File, Format Version 11.00
# Visual Studio 2010
Project("{FAE04EC0-301F-11D3-BF4B-00C04F79EFBC}") = "Mx.Ipn.Esime.Statistics", "p01\Mx.Ipn.Esime.Statistics.csproj", "{BBA01040-73A6-4928-987C-C43B49246614}"
EndProject
Project("{FAE04EC0-301F-11D3-BF4B-00C04F79EFBC}") = "Mx.Ipn.Esime.Statistics.Tests", "Mx.Ipn.Esime.Statistics.Tests\Mx.Ipn.Esime.Statistics.Tests.csproj", "{984E3C8A-D719-4673-BFB7-261EFB6E5445}"
EndProject
Global
	GlobalSection(SolutionConfigurationPlatforms) = preSolution
		Debug|Any CPU = Debug|Any CPU
		Release|Any CPU = Release|Any CPU
	EndGlobalSection
	GlobalSection(ProjectConfigurationPlatforms) = postSolution
		{984E3C8A-D719-4673-BFB7-261EFB6E5445}.Debug|Any CPU.ActiveCfg = Debug|Any CPU
		{984E3C8A-D719-4673-BFB7-261EFB6E5445}.Debug|Any CPU.Build.0 = Debug|Any CPU
		{984E3C8A-D719-4673-BFB7-261EFB6E5445}.Release|Any CPU.ActiveCfg = Release|Any CPU
		{984E3C8A-D719-4673-BFB7-261EFB6E5445}.Release|Any CPU.Build.0 = Release|Any CPU
		{BBA01040-73A6-4928-987C-C43B49246614}.Debug|Any CPU.ActiveCfg = Debug|Any CPU
		{BBA01040-73A6-4928-987C-C43B49246614}.Debug|Any CPU.Build.0 = Debug|Any CPU
		{BBA01040-73A6-4928-987C-C43B49246614}.Release|Any CPU.ActiveCfg = Release|Any CPU
		{BBA01040-73A6-4928-987C-C43B49246614}.Release|Any CPU.Build.0 = Release|Any CPU
	EndGlobalSection
	GlobalSection(MonoDevelopProperties) = preSolution
		StartupItem = p01\Mx.Ipn.Esime.Statistics.csproj
	EndGlobalSection
EndGlobal
